
Microsoft Visual Studio Solution File, Format Version 12.00
# Visual Studio 15
VisualStudioVersion = 15.0.27703.2026
MinimumVisualStudioVersion = 10.0.40219.1
Project("{888888A0-9F3D-457C-B088-3A5042F75D52}") = "Lab4Functions", "Lab4Functions\Lab4Functions.pyproj", "{52919BBE-4DE5-4E94-AE84-FC54D882873B}"
EndProject
Global
	GlobalSection(SolutionConfigurationPlatforms) = preSolution
		Debug|Any CPU = Debug|Any CPU
		Release|Any CPU = Release|Any CPU
	EndGlobalSection
	GlobalSection(ProjectConfigurationPlatforms) = postSolution
		{52919BBE-4DE5-4E94-AE84-FC54D882873B}.Debug|Any CPU.ActiveCfg = Debug|Any CPU
		{52919BBE-4DE5-4E94-AE84-FC54D882873B}.Release|Any CPU.ActiveCfg = Release|Any CPU
	EndGlobalSection
	GlobalSection(SolutionProperties) = preSolution
		HideSolutionNode = FALSE
	EndGlobalSection
	GlobalSection(ExtensibilityGlobals) = postSolution
		SolutionGuid = {B0717A6E-787E-4F33-B542-D29BBF871E0B}
	EndGlobalSection
EndGlobal
